{
  "name": "oh-my-deepseek",
  "version": "0.4.0",
  "lockfileVersion": 3,
  "requires": true,
  "packages": {
    "": {
      "name": "oh-my-deepseek",
      "version": "0.4.0",
      "bin": {
        "oh-my-deepseek": "bin/oh-my-deepseek.mjs",
        "omd": "bin/oh-my-deepseek.mjs"
      },
      "engines": {
        "node": ">=20"
      }
    }
  }
}
